
Microsoft Visual Studio Solution File, Format Version 12.00
# Visual Studio Version 17
VisualStudioVersion = 17.3.32804.467
MinimumVisualStudioVersion = 10.0.40219.1
Project("{FAE04EC0-301F-11D3-BF4B-00C04F79EFBC}") = "FundooNotesApp", "FundooNotesApp\FundooNotesApp.csproj", "{CCC3BEFC-C27F-4482-AD1D-9AF10A9342DC}"
EndProject
Project("{FAE04EC0-301F-11D3-BF4B-00C04F79EFBC}") = "CommonLayer", "CommonLayer\CommonLayer.csproj", "{3BB114EA-0E5A-47A8-83A6-8DE4FC34937F}"
EndProject
Project("{FAE04EC0-301F-11D3-BF4B-00C04F79EFBC}") = "BusinessLayer", "BusinessLayer\BusinessLayer.csproj", "{E2FE7A0E-DA76-4D8C-AA94-0B4926CCDD99}"
EndProject
Project("{FAE04EC0-301F-11D3-BF4B-00C04F79EFBC}") = "RepositoryLayer", "RepositoryLayer\RepositoryLayer.csproj", "{D8B800E9-B556-4B06-831D-A500CF4DF1B8}"
EndProject
Global
	GlobalSection(SolutionConfigurationPlatforms) = preSolution
		Debug|Any CPU = Debug|Any CPU
		Release|Any CPU = Release|Any CPU
	EndGlobalSection
	GlobalSection(ProjectConfigurationPlatforms) = postSolution
		{CCC3BEFC-C27F-4482-AD1D-9AF10A9342DC}.Debug|Any CPU.ActiveCfg = Debug|Any CPU
		{CCC3BEFC-C27F-4482-AD1D-9AF10A9342DC}.Debug|Any CPU.Build.0 = Debug|Any CPU
		{CCC3BEFC-C27F-4482-AD1D-9AF10A9342DC}.Release|Any CPU.ActiveCfg = Release|Any CPU
		{CCC3BEFC-C27F-4482-AD1D-9AF10A9342DC}.Release|Any CPU.Build.0 = Release|Any CPU
		{3BB114EA-0E5A-47A8-83A6-8DE4FC34937F}.Debug|Any CPU.ActiveCfg = Debug|Any CPU
		{3BB114EA-0E5A-47A8-83A6-8DE4FC34937F}.Debug|Any CPU.Build.0 = Debug|Any CPU
		{3BB114EA-0E5A-47A8-83A6-8DE4FC34937F}.Release|Any CPU.ActiveCfg = Release|Any CPU
		{3BB114EA-0E5A-47A8-83A6-8DE4FC34937F}.Release|Any CPU.Build.0 = Release|Any CPU
		{E2FE7A0E-DA76-4D8C-AA94-0B4926CCDD99}.Debug|Any CPU.ActiveCfg = Debug|Any CPU
		{E2FE7A0E-DA76-4D8C-AA94-0B4926CCDD99}.Debug|Any CPU.Build.0 = Debug|Any CPU
		{E2FE7A0E-DA76-4D8C-AA94-0B4926CCDD99}.Release|Any CPU.ActiveCfg = Release|Any CPU
		{E2FE7A0E-DA76-4D8C-AA94-0B4926CCDD99}.Release|Any CPU.Build.0 = Release|Any CPU
		{D8B800E9-B556-4B06-831D-A500CF4DF1B8}.Debug|Any CPU.ActiveCfg = Debug|Any CPU
		{D8B800E9-B556-4B06-831D-A500CF4DF1B8}.Debug|Any CPU.Build.0 = Debug|Any CPU
		{D8B800E9-B556-4B06-831D-A500CF4DF1B8}.Release|Any CPU.ActiveCfg = Release|Any CPU
		{D8B800E9-B556-4B06-831D-A500CF4DF1B8}.Release|Any CPU.Build.0 = Release|Any CPU
	EndGlobalSection
	GlobalSection(SolutionProperties) = preSolution
		HideSolutionNode = FALSE
	EndGlobalSection
	GlobalSection(ExtensibilityGlobals) = postSolution
		SolutionGuid = {C16CE4AD-5DBB-4AEC-AFFC-DA557FD973BF}
	EndGlobalSection
EndGlobal
